// !$*UTF8*$!
{
	archiveVersion = 1;
	classes = {
	};
	objectVersion = 50;
	objects = {

/* Begin PBXBuildFile section */
		853031D226FC2697000A89CA /* AppDelegate.m in Sources */ = {isa = PBXBuildFile; fileRef = 853031D126FC2697000A89CA /* AppDelegate.m */; };
		853031D526FC2697000A89CA /* SceneDelegate.m in Sources */ = {isa = PBXBuildFile; fileRef = 853031D426FC2697000A89CA /* SceneDelegate.m */; };
		853031D826FC2697000A89CA /* ViewController.m in Sources */ = {isa = PBXBuildFile; fileRef = 853031D726FC2697000A89CA /* ViewController.m */; };
		853031DB26FC2697000A89CA /* Main.storyboard in Resources */ = {isa = PBXBuildFile; fileRef = 853031D926FC2697000A89CA /* Main.storyboard */; };
		853031DD26FC2699000A89CA /* Assets.xcassets in Resources */ = {isa = PBXBuildFile; fileRef = 853031DC26FC2699000A89CA /* Assets.xcassets */; };
		853031E026FC2699000A89CA /* LaunchScreen.storyboard in Resources */ = {isa = PBXBuildFile; fileRef = 853031DE26FC2699000A89CA /* LaunchScreen.storyboard */; };
		853031E326FC2699000A89CA /* main.m in Sources */ = {isa = PBXBuildFile; fileRef = 853031E226FC2699000A89CA /* main.m */; };
		853031ED26FC2699000A89CA /* lark_sr_webviewTests.m in Sources */ = {isa = PBXBuildFile; fileRef = 853031EC26FC2699000A89CA /* lark_sr_webviewTests.m */; };
		853031F826FC2699000A89CA /* lark_sr_webviewUITests.m in Sources */ = {isa = PBXBuildFile; fileRef = 853031F726FC2699000A89CA /* lark_sr_webviewUITests.m */; };
/* End PBXBuildFile section */

/* Begin PBXContainerItemProxy section */
		853031E926FC2699000A89CA /* PBXContainerItemProxy */ = {
			isa = PBXContainerItemProxy;
			containerPortal = 853031C526FC2697000A89CA /* Project object */;
			proxyType = 1;
			remoteGlobalIDString = 853031CC26FC2697000A89CA;
			remoteInfo = lark_sr_webview;
		};
		853031F426FC2699000A89CA /* PBXContainerItemProxy */ = {
			isa = PBXContainerItemProxy;
			containerPortal = 853031C526FC2697000A89CA /* Project object */;
			proxyType = 1;
			remoteGlobalIDString = 853031CC26FC2697000A89CA;
			remoteInfo = lark_sr_webview;
		};
/* End PBXContainerItemProxy section */

/* Begin PBXFileReference section */
		853031CD26FC2697000A89CA /* lark_sr_webview.app */ = {isa = PBXFileReference; explicitFileType = wrapper.application; includeInIndex = 0; path = lark_sr_webview.app; sourceTree = BUILT_PRODUCTS_DIR; };
		853031D026FC2697000A89CA /* AppDelegate.h */ = {isa = PBXFileReference; lastKnownFileType = sourcecode.c.h; path = AppDelegate.h; sourceTree = "<group>"; };
		853031D126FC2697000A89CA /* AppDelegate.m */ = {isa = PBXFileReference; lastKnownFileType = sourcecode.c.objc; path = AppDelegate.m; sourceTree = "<group>"; };
		853031D326FC2697000A89CA /* SceneDelegate.h */ = {isa = PBXFileReference; lastKnownFileType = sourcecode.c.h; path = SceneDelegate.h; sourceTree = "<group>"; };
		853031D426FC2697000A89CA /* SceneDelegate.m */ = {isa = PBXFileReference; lastKnownFileType = sourcecode.c.objc; path = SceneDelegate.m; sourceTree = "<group>"; };
		853031D626FC2697000A89CA /* ViewController.h */ = {isa = PBXFileReference; lastKnownFileType = sourcecode.c.h; path = ViewController.h; sourceTree = "<group>"; };
		853031D726FC2697000A89CA /* ViewController.m */ = {isa = PBXFileReference; lastKnownFileType = sourcecode.c.objc; path = ViewController.m; sourceTree = "<group>"; };
		853031DA26FC2697000A89CA /* Base */ = {isa = PBXFileReference; lastKnownFileType = file.storyboard; name = Base; path = Base.lproj/Main.storyboard; sourceTree = "<group>"; };
		853031DC26FC2699000A89CA /* Assets.xcassets */ = {isa = PBXFileReference; lastKnownFileType = folder.assetcatalog; path = Assets.xcassets; sourceTree = "<group>"; };
		853031DF26FC2699000A89CA /* Base */ = {isa = PBXFileReference; lastKnownFileType = file.storyboard; name = Base; path = Base.lproj/LaunchScreen.storyboard; sourceTree = "<group>"; };
		853031E126FC2699000A89CA /* Info.plist */ = {isa = PBXFileReference; lastKnownFileType = text.plist.xml; path = Info.plist; sourceTree = "<group>"; };
		853031E226FC2699000A89CA /* main.m */ = {isa = PBXFileReference; lastKnownFileType = sourcecode.c.objc; path = main.m; sourceTree = "<group>"; };
		853031E826FC2699000A89CA /* lark_sr_webviewTests.xctest */ = {isa = PBXFileReference; explicitFileType = wrapper.cfbundle; includeInIndex = 0; path = lark_sr_webviewTests.xctest; sourceTree = BUILT_PRODUCTS_DIR; };
		853031EC26FC2699000A89CA /* lark_sr_webviewTests.m */ = {isa = PBXFileReference; lastKnownFileType = sourcecode.c.objc; path = lark_sr_webviewTests.m; sourceTree = "<group>"; };
		853031EE26FC2699000A89CA /* Info.plist */ = {isa = PBXFileReference; lastKnownFileType = text.plist.xml; path = Info.plist; sourceTree = "<group>"; };
		853031F326FC2699000A89CA /* lark_sr_webviewUITests.xctest */ = {isa = PBXFileReference; explicitFileType = wrapper.cfbundle; includeInIndex = 0; path = lark_sr_webviewUITests.xctest; sourceTree = BUILT_PRODUCTS_DIR; };
		853031F726FC2699000A89CA /* lark_sr_webviewUITests.m */ = {isa = PBXFileReference; lastKnownFileType = sourcecode.c.objc; path = lark_sr_webviewUITests.m; sourceTree = "<group>"; };
		853031F926FC2699000A89CA /* Info.plist */ = {isa = PBXFileReference; lastKnownFileType = text.plist.xml; path = Info.plist; sourceTree = "<group>"; };
/* End PBXFileReference section */

/* Begin PBXFrameworksBuildPhase section */
		853031CA26FC2697000A89CA /* Frameworks */ = {
			isa = PBXFrameworksBuildPhase;
			buildActionMask = 2147483647;
			files = (
			);
			runOnlyForDeploymentPostprocessing = 0;
		};
		853031E526FC2699000A89CA /* Frameworks */ = {
			isa = PBXFrameworksBuildPhase;
			buildActionMask = 2147483647;
			files = (
			);
			runOnlyForDeploymentPostprocessing = 0;
		};
		853031F026FC2699000A89CA /* Frameworks */ = {
			isa = PBXFrameworksBuildPhase;
			buildActionMask = 2147483647;
			files = (
			);
			runOnlyForDeploymentPostprocessing = 0;
		};
/* End PBXFrameworksBuildPhase section */

/* Begin PBXGroup section */
		853031C426FC2697000A89CA = {
			isa = PBXGroup;
			children = (
				853031CF26FC2697000A89CA /* lark_sr_webview */,
				853031EB26FC2699000A89CA /* lark_sr_webviewTests */,
				853031F626FC2699000A89CA /* lark_sr_webviewUITests */,
				853031CE26FC2697000A89CA /* Products */,
			);
			sourceTree = "<group>";
		};
		853031CE26FC2697000A89CA /* Products */ = {
			isa = PBXGroup;
			children = (
				853031CD26FC2697000A89CA /* lark_sr_webview.app */,
				853031E826FC2699000A89CA /* lark_sr_webviewTests.xctest */,
				853031F326FC2699000A89CA /* lark_sr_webviewUITests.xctest */,
			);
			name = Products;
			sourceTree = "<group>";
		};
		853031CF26FC2697000A89CA /* lark_sr_webview */ = {
			isa = PBXGroup;
			children = (
				853031D026FC2697000A89CA /* AppDelegate.h */,
				853031D126FC2697000A89CA /* AppDelegate.m */,
				853031D326FC2697000A89CA /* SceneDelegate.h */,
				853031D426FC2697000A89CA /* SceneDelegate.m */,
				853031D626FC2697000A89CA /* ViewController.h */,
				853031D726FC2697000A89CA /* ViewController.m */,
				853031D926FC2697000A89CA /* Main.storyboard */,
				853031DC26FC2699000A89CA /* Assets.xcassets */,
				853031DE26FC2699000A89CA /* LaunchScreen.storyboard */,
				853031E126FC2699000A89CA /* Info.plist */,
				853031E226FC2699000A89CA /* main.m */,
			);
			path = lark_sr_webview;
			sourceTree = "<group>";
		};
		853031EB26FC2699000A89CA /* lark_sr_webviewTests */ = {
			isa = PBXGroup;
			children = (
				853031EC26FC2699000A89CA /* lark_sr_webviewTests.m */,
				853031EE26FC2699000A89CA /* Info.plist */,
			);
			path = lark_sr_webviewTests;
			sourceTree = "<group>";
		};
		853031F626FC2699000A89CA /* lark_sr_webviewUITests */ = {
			isa = PBXGroup;
			children = (
				853031F726FC2699000A89CA /* lark_sr_webviewUITests.m */,
				853031F926FC2699000A89CA /* Info.plist */,
			);
			path = lark_sr_webviewUITests;
			sourceTree = "<group>";
		};
/* End PBXGroup section */

/* Begin PBXNativeTarget section */
		853031CC26FC2697000A89CA /* lark_sr_webview */ = {
			isa = PBXNativeTarget;
			buildConfigurationList = 853031FC26FC2699000A89CA /* Build configuration list for PBXNativeTarget "lark_sr_webview" */;
			buildPhases = (
				853031C926FC2697000A89CA /* Sources */,
				853031CA26FC2697000A89CA /* Frameworks */,
				853031CB26FC2697000A89CA /* Resources */,
			);
			buildRules = (
			);
			dependencies = (
			);
			name = lark_sr_webview;
			productName = lark_sr_webview;
			productReference = 853031CD26FC2697000A89CA /* lark_sr_webview.app */;
			productType = "com.apple.product-type.application";
		};
		853031E726FC2699000A89CA /* lark_sr_webviewTests */ = {
			isa = PBXNativeTarget;
			buildConfigurationList = 853031FF26FC2699000A89CA /* Build configuration list for PBXNativeTarget "lark_sr_webviewTests" */;
			buildPhases = (
				853031E426FC2699000A89CA /* Sources */,
				853031E526FC2699000A89CA /* Frameworks */,
				853031E626FC2699000A89CA /* Resources */,
			);
			buildRules = (
			);
			dependencies = (
				853031EA26FC2699000A89CA /* PBXTargetDependency */,
			);
			name = lark_sr_webviewTests;
			productName = lark_sr_webviewTests;
			productReference = 853031E826FC2699000A89CA /* lark_sr_webviewTests.xctest */;
			productType = "com.apple.product-type.bundle.unit-test";
		};
		853031F226FC2699000A89CA /* lark_sr_webviewUITests */ = {
			isa = PBXNativeTarget;
			buildConfigurationList = 8530320226FC2699000A89CA /* Build configuration list for PBXNativeTarget "lark_sr_webviewUITests" */;
			buildPhases = (
				853031EF26FC2699000A89CA /* Sources */,
				853031F026FC2699000A89CA /* Frameworks */,
				853031F126FC2699000A89CA /* Resources */,
			);
			buildRules = (
			);
			dependencies = (
				853031F526FC2699000A89CA /* PBXTargetDependency */,
			);
			name = lark_sr_webviewUITests;
			productName = lark_sr_webviewUITests;
			productReference = 853031F326FC2699000A89CA /* lark_sr_webviewUITests.xctest */;
			productType = "com.apple.product-type.bundle.ui-testing";
		};
/* End PBXNativeTarget section */

/* Begin PBXProject section */
		853031C526FC2697000A89CA /* Project object */ = {
			isa = PBXProject;
			attributes = {
				LastUpgradeCheck = 1250;
				TargetAttributes = {
					853031CC26FC2697000A89CA = {
						CreatedOnToolsVersion = 12.5.1;
					};
					853031E726FC2699000A89CA = {
						CreatedOnToolsVersion = 12.5.1;
						TestTargetID = 853031CC26FC2697000A89CA;
					};
					853031F226FC2699000A89CA = {
						CreatedOnToolsVersion = 12.5.1;
						TestTargetID = 853031CC26FC2697000A89CA;
					};
				};
			};
			buildConfigurationList = 853031C826FC2697000A89CA /* Build configuration list for PBXProject "lark_sr_webview" */;
			compatibilityVersion = "Xcode 9.3";
			developmentRegion = en;
			hasScannedForEncodings = 0;
			knownRegions = (
				en,
				Base,
			);
			mainGroup = 853031C426FC2697000A89CA;
			productRefGroup = 853031CE26FC2697000A89CA /* Products */;
			projectDirPath = "";
			projectRoot = "";
			targets = (
				853031CC26FC2697000A89CA /* lark_sr_webview */,
				853031E726FC2699000A89CA /* lark_sr_webviewTests */,
				853031F226FC2699000A89CA /* lark_sr_webviewUITests */,
			);
		};
/* End PBXProject section */

/* Begin PBXResourcesBuildPhase section */
		853031CB26FC2697000A89CA /* Resources */ = {
			isa = PBXResourcesBuildPhase;
			buildActionMask = 2147483647;
			files = (
				853031E026FC2699000A89CA /* LaunchScreen.storyboard in Resources */,
				853031DD26FC2699000A89CA /* Assets.xcassets in Resources */,
				853031DB26FC2697000A89CA /* Main.storyboard in Resources */,
			);
			runOnlyForDeploymentPostprocessing = 0;
		};
		853031E626FC2699000A89CA /* Resources */ = {
			isa = PBXResourcesBuildPhase;
			buildActionMask = 2147483647;
			files = (
			);
			runOnlyForDeploymentPostprocessing = 0;
		};
		853031F126FC2699000A89CA /* Resources */ = {
			isa = PBXResourcesBuildPhase;
			buildActionMask = 2147483647;
			files = (
			);
			runOnlyForDeploymentPostprocessing = 0;
		};
/* End PBXResourcesBuildPhase section */

/* Begin PBXSourcesBuildPhase section */
		853031C926FC2697000A89CA /* Sources */ = {
			isa = PBXSourcesBuildPhase;
			buildActionMask = 2147483647;
			files = (
				853031D826FC2697000A89CA /* ViewController.m in Sources */,
				853031D226FC2697000A89CA /* AppDelegate.m in Sources */,
				853031E326FC2699000A89CA /* main.m in Sources */,
				853031D526FC2697000A89CA /* SceneDelegate.m in Sources */,
			);
			runOnlyForDeploymentPostprocessing = 0;
		};
		853031E426FC2699000A89CA /* Sources */ = {
			isa = PBXSourcesBuildPhase;
			buildActionMask = 2147483647;
			files = (
				853031ED26FC2699000A89CA /* lark_sr_webviewTests.m in Sources */,
			);
			runOnlyForDeploymentPostprocessing = 0;
		};
		853031EF26FC2699000A89CA /* Sources */ = {
			isa = PBXSourcesBuildPhase;
			buildActionMask = 2147483647;
			files = (
				853031F826FC2699000A89CA /* lark_sr_webviewUITests.m in Sources */,
			);
			runOnlyForDeploymentPostprocessing = 0;
		};
/* End PBXSourcesBuildPhase section */

/* Begin PBXTargetDependency section */
		853031EA26FC2699000A89CA /* PBXTargetDependency */ = {
			isa = PBXTargetDependency;
			target = 853031CC26FC2697000A89CA /* lark_sr_webview */;
			targetProxy = 853031E926FC2699000A89CA /* PBXContainerItemProxy */;
		};
		853031F526FC2699000A89CA /* PBXTargetDependency */ = {
			isa = PBXTargetDependency;
			target = 853031CC26FC2697000A89CA /* lark_sr_webview */;
			targetProxy = 853031F426FC2699000A89CA /* PBXContainerItemProxy */;
		};
/* End PBXTargetDependency section */

/* Begin PBXVariantGroup section */
		853031D926FC2697000A89CA /* Main.storyboard */ = {
			isa = PBXVariantGroup;
			children = (
				853031DA26FC2697000A89CA /* Base */,
			);
			name = Main.storyboard;
			sourceTree = "<group>";
		};
		853031DE26FC2699000A89CA /* LaunchScreen.storyboard */ = {
			isa = PBXVariantGroup;
			children = (
				853031DF26FC2699000A89CA /* Base */,
			);
			name = LaunchScreen.storyboard;
			sourceTree = "<group>";
		};
/* End PBXVariantGroup section */

/* Begin XCBuildConfiguration section */
		853031FA26FC2699000A89CA /* Debug */ = {
			isa = XCBuildConfiguration;
			buildSettings = {
				ALWAYS_SEARCH_USER_PATHS = NO;
				CLANG_ANALYZER_NONNULL = YES;
				CLANG_ANALYZER_NUMBER_OBJECT_CONVERSION = YES_AGGRESSIVE;
				CLANG_CXX_LANGUAGE_STANDARD = "gnu++14";
				CLANG_CXX_LIBRARY = "libc++";
				CLANG_ENABLE_MODULES = YES;
				CLANG_ENABLE_OBJC_ARC = YES;
				CLANG_ENABLE_OBJC_WEAK = YES;
				CLANG_WARN_BLOCK_CAPTURE_AUTORELEASING = YES;
				CLANG_WARN_BOOL_CONVERSION = YES;
				CLANG_WARN_COMMA = YES;
				CLANG_WARN_CONSTANT_CONVERSION = YES;
				CLANG_WARN_DEPRECATED_OBJC_IMPLEMENTATIONS = YES;
				CLANG_WARN_DIRECT_OBJC_ISA_USAGE = YES_ERROR;
				CLANG_WARN_DOCUMENTATION_COMMENTS = YES;
				CLANG_WARN_EMPTY_BODY = YES;
				CLANG_WARN_ENUM_CONVERSION = YES;
				CLANG_WARN_INFINITE_RECURSION = YES;
				CLANG_WARN_INT_CONVERSION = YES;
				CLANG_WARN_NON_LITERAL_NULL_CONVERSION = YES;
				CLANG_WARN_OBJC_IMPLICIT_RETAIN_SELF = YES;
				CLANG_WARN_OBJC_LITERAL_CONVERSION = YES;
				CLANG_WARN_OBJC_ROOT_CLASS = YES_ERROR;
				CLANG_WARN_QUOTED_INCLUDE_IN_FRAMEWORK_HEADER = YES;
				CLANG_WARN_RANGE_LOOP_ANALYSIS = YES;
				CLANG_WARN_STRICT_PROTOTYPES = YES;
				CLANG_WARN_SUSPICIOUS_MOVE = YES;
				CLANG_WARN_UNGUARDED_AVAILABILITY = YES_AGGRESSIVE;
				CLANG_WARN_UNREACHABLE_CODE = YES;
				CLANG_WARN__DUPLICATE_METHOD_MATCH = YES;
				COPY_PHASE_STRIP = NO;
				DEBUG_INFORMATION_FORMAT = dwarf;
				ENABLE_STRICT_OBJC_MSGSEND = YES;
				ENABLE_TESTABILITY = YES;
				GCC_C_LANGUAGE_STANDARD = gnu11;
				GCC_DYNAMIC_NO_PIC = NO;
				GCC_NO_COMMON_BLOCKS = YES;
				GCC_OPTIMIZATION_LEVEL = 0;
				GCC_PREPROCESSOR_DEFINITIONS = (
					"DEBUG=1",
					"$(inherited)",
				);
				GCC_WARN_64_TO_32_BIT_CONVERSION = YES;
				GCC_WARN_ABOUT_RETURN_TYPE = YES_ERROR;
				GCC_WARN_UNDECLARED_SELECTOR = YES;
				GCC_WARN_UNINITIALIZED_AUTOS = YES_AGGRESSIVE;
				GCC_WARN_UNUSED_FUNCTION = YES;
				GCC_WARN_UNUSED_VARIABLE = YES;
				IPHONEOS_DEPLOYMENT_TARGET = 14.5;
				MTL_ENABLE_DEBUG_INFO = INCLUDE_SOURCE;
				MTL_FAST_MATH = YES;
				ONLY_ACTIVE_ARCH = YES;
				SDKROOT = iphoneos;
			};
			name = Debug;
		};
		853031FB26FC2699000A89CA /* Release */ = {
			isa = XCBuildConfiguration;
			buildSettings = {
				ALWAYS_SEARCH_USER_PATHS = NO;
				CLANG_ANALYZER_NONNULL = YES;
				CLANG_ANALYZER_NUMBER_OBJECT_CONVERSION = YES_AGGRESSIVE;
				CLANG_CXX_LANGUAGE_STANDARD = "gnu++14";
				CLANG_CXX_LIBRARY = "libc++";
				CLANG_ENABLE_MODULES = YES;
				CLANG_ENABLE_OBJC_ARC = YES;
				CLANG_ENABLE_OBJC_WEAK = YES;
				CLANG_WARN_BLOCK_CAPTURE_AUTORELEASING = YES;
				CLANG_WARN_BOOL_CONVERSION = YES;
				CLANG_WARN_COMMA = YES;
				CLANG_WARN_CONSTANT_CONVERSION = YES;
				CLANG_WARN_DEPRECATED_OBJC_IMPLEMENTATIONS = YES;
				CLANG_WARN_DIRECT_OBJC_ISA_USAGE = YES_ERROR;
				CLANG_WARN_DOCUMENTATION_COMMENTS = YES;
				CLANG_WARN_EMPTY_BODY = YES;
				CLANG_WARN_ENUM_CONVERSION = YES;
				CLANG_WARN_INFINITE_RECURSION = YES;
				CLANG_WARN_INT_CONVERSION = YES;
				CLANG_WARN_NON_LITERAL_NULL_CONVERSION = YES;
				CLANG_WARN_OBJC_IMPLICIT_RETAIN_SELF = YES;
				CLANG_WARN_OBJC_LITERAL_CONVERSION = YES;
				CLANG_WARN_OBJC_ROOT_CLASS = YES_ERROR;
				CLANG_WARN_QUOTED_INCLUDE_IN_FRAMEWORK_HEADER = YES;
				CLANG_WARN_RANGE_LOOP_ANALYSIS = YES;
				CLANG_WARN_STRICT_PROTOTYPES = YES;
				CLANG_WARN_SUSPICIOUS_MOVE = YES;
				CLANG_WARN_UNGUARDED_AVAILABILITY = YES_AGGRESSIVE;
				CLANG_WARN_UNREACHABLE_CODE = YES;
				CLANG_WARN__DUPLICATE_METHOD_MATCH = YES;
				COPY_PHASE_STRIP = NO;
				DEBUG_INFORMATION_FORMAT = "dwarf-with-dsym";
				ENABLE_NS_ASSERTIONS = NO;
				ENABLE_STRICT_OBJC_MSGSEND = YES;
				GCC_C_LANGUAGE_STANDARD = gnu11;
				GCC_NO_COMMON_BLOCKS = YES;
				GCC_WARN_64_TO_32_BIT_CONVERSION = YES;
				GCC_WARN_ABOUT_RETURN_TYPE = YES_ERROR;
				GCC_WARN_UNDECLARED_SELECTOR = YES;
				GCC_WARN_UNINITIALIZED_AUTOS = YES_AGGRESSIVE;
				GCC_WARN_UNUSED_FUNCTION = YES;
				GCC_WARN_UNUSED_VARIABLE = YES;
				IPHONEOS_DEPLOYMENT_TARGET = 14.5;
				MTL_ENABLE_DEBUG_INFO = NO;
				MTL_FAST_MATH = YES;
				SDKROOT = iphoneos;
				VALIDATE_PRODUCT = YES;
			};
			name = Release;
		};
		853031FD26FC2699000A89CA /* Debug */ = {
			isa = XCBuildConfiguration;
			buildSettings = {
				ASSETCATALOG_COMPILER_APPICON_NAME = AppIcon;
				ASSETCATALOG_COMPILER_GLOBAL_ACCENT_COLOR_NAME = AccentColor;
				CODE_SIGN_STYLE = Automatic;
				DEVELOPMENT_TEAM = G5RZ9L5Z4Q;
				INFOPLIST_FILE = lark_sr_webview/Info.plist;
				LD_RUNPATH_SEARCH_PATHS = (
					"$(inherited)",
					"@executable_path/Frameworks",
				);
				PRODUCT_BUNDLE_IDENTIFIER = "com.pxy.lark-sr-webview";
				PRODUCT_NAME = "$(TARGET_NAME)";
				TARGETED_DEVICE_FAMILY = "1,2";
			};
			name = Debug;
		};
		853031FE26FC2699000A89CA /* Release */ = {
			isa = XCBuildConfiguration;
			buildSettings = {
				ASSETCATALOG_COMPILER_APPICON_NAME = AppIcon;
				ASSETCATALOG_COMPILER_GLOBAL_ACCENT_COLOR_NAME = AccentColor;
				CODE_SIGN_STYLE = Automatic;
				DEVELOPMENT_TEAM = G5RZ9L5Z4Q;
				INFOPLIST_FILE = lark_sr_webview/Info.plist;
				LD_RUNPATH_SEARCH_PATHS = (
					"$(inherited)",
					"@executable_path/Frameworks",
				);
				PRODUCT_BUNDLE_IDENTIFIER = "com.pxy.lark-sr-webview";
				PRODUCT_NAME = "$(TARGET_NAME)";
				TARGETED_DEVICE_FAMILY = "1,2";
			};
			name = Release;
		};
		8530320026FC2699000A89CA /* Debug */ = {
			isa = XCBuildConfiguration;
			buildSettings = {
				BUNDLE_LOADER = "$(TEST_HOST)";
				CODE_SIGN_STYLE = Automatic;
				DEVELOPMENT_TEAM = G5RZ9L5Z4Q;
				INFOPLIST_FILE = lark_sr_webviewTests/Info.plist;
				IPHONEOS_DEPLOYMENT_TARGET = 14.5;
				LD_RUNPATH_SEARCH_PATHS = (
					"$(inherited)",
					"@executable_path/Frameworks",
					"@loader_path/Frameworks",
				);
				PRODUCT_BUNDLE_IDENTIFIER = "com.pxy.lark-sr-webviewTests";
				PRODUCT_NAME = "$(TARGET_NAME)";
				TARGETED_DEVICE_FAMILY = "1,2";
				TEST_HOST = "$(BUILT_PRODUCTS_DIR)/lark_sr_webview.app/lark_sr_webview";
			};
			name = Debug;
		};
		8530320126FC2699000A89CA /* Release */ = {
			isa = XCBuildConfiguration;
			buildSettings = {
				BUNDLE_LOADER = "$(TEST_HOST)";
				CODE_SIGN_STYLE = Automatic;
				DEVELOPMENT_TEAM = G5RZ9L5Z4Q;
				INFOPLIST_FILE = lark_sr_webviewTests/Info.plist;
				IPHONEOS_DEPLOYMENT_TARGET = 14.5;
				LD_RUNPATH_SEARCH_PATHS = (
					"$(inherited)",
					"@executable_path/Frameworks",
					"@loader_path/Frameworks",
				);
				PRODUCT_BUNDLE_IDENTIFIER = "com.pxy.lark-sr-webviewTests";
				PRODUCT_NAME = "$(TARGET_NAME)";
				TARGETED_DEVICE_FAMILY = "1,2";
				TEST_HOST = "$(BUILT_PRODUCTS_DIR)/lark_sr_webview.app/lark_sr_webview";
			};
			name = Release;
		};
		8530320326FC2699000A89CA /* Debug */ = {
			isa = XCBuildConfiguration;
			buildSettings = {
				CODE_SIGN_STYLE = Automatic;
				DEVELOPMENT_TEAM = G5RZ9L5Z4Q;
				INFOPLIST_FILE = lark_sr_webviewUITests/Info.plist;
				LD_RUNPATH_SEARCH_PATHS = (
					"$(inherited)",
					"@executable_path/Frameworks",
					"@loader_path/Frameworks",
				);
				PRODUCT_BUNDLE_IDENTIFIER = "com.pxy.lark-sr-webviewUITests";
				PRODUCT_NAME = "$(TARGET_NAME)";
				TARGETED_DEVICE_FAMILY = "1,2";
				TEST_TARGET_NAME = lark_sr_webview;
			};
			name = Debug;
		};
		8530320426FC2699000A89CA /* Release */ = {
			isa = XCBuildConfiguration;
			buildSettings = {
				CODE_SIGN_STYLE = Automatic;
				DEVELOPMENT_TEAM = G5RZ9L5Z4Q;
				INFOPLIST_FILE = lark_sr_webviewUITests/Info.plist;
				LD_RUNPATH_SEARCH_PATHS = (
					"$(inherited)",
					"@executable_path/Frameworks",
					"@loader_path/Frameworks",
				);
				PRODUCT_BUNDLE_IDENTIFIER = "com.pxy.lark-sr-webviewUITests";
				PRODUCT_NAME = "$(TARGET_NAME)";
				TARGETED_DEVICE_FAMILY = "1,2";
				TEST_TARGET_NAME = lark_sr_webview;
			};
			name = Release;
		};
/* End XCBuildConfiguration section */

/* Begin XCConfigurationList section */
		853031C826FC2697000A89CA /* Build configuration list for PBXProject "lark_sr_webview" */ = {
			isa = XCConfigurationList;
			buildConfigurations = (
				853031FA26FC2699000A89CA /* Debug */,
				853031FB26FC2699000A89CA /* Release */,
			);
			defaultConfigurationIsVisible = 0;
			defaultConfigurationName = Release;
		};
		853031FC26FC2699000A89CA /* Build configuration list for PBXNativeTarget "lark_sr_webview" */ = {
			isa = XCConfigurationList;
			buildConfigurations = (
				853031FD26FC2699000A89CA /* Debug */,
				853031FE26FC2699000A89CA /* Release */,
			);
			defaultConfigurationIsVisible = 0;
			defaultConfigurationName = Release;
		};
		853031FF26FC2699000A89CA /* Build configuration list for PBXNativeTarget "lark_sr_webviewTests" */ = {
			isa = XCConfigurationList;
			buildConfigurations = (
				8530320026FC2699000A89CA /* Debug */,
				8530320126FC2699000A89CA /* Release */,
			);
			defaultConfigurationIsVisible = 0;
			defaultConfigurationName = Release;
		};
		8530320226FC2699000A89CA /* Build configuration list for PBXNativeTarget "lark_sr_webviewUITests" */ = {
			isa = XCConfigurationList;
			buildConfigurations = (
				8530320326FC2699000A89CA /* Debug */,
				8530320426FC2699000A89CA /* Release */,
			);
			defaultConfigurationIsVisible = 0;
			defaultConfigurationName = Release;
		};
/* End XCConfigurationList section */
	};
	rootObject = 853031C526FC2697000A89CA /* Project object */;
}
